
Microsoft Visual Studio Solution File, Format Version 12.00
# Visual Studio Version 17
VisualStudioVersion = 17.4.33205.214
MinimumVisualStudioVersion = 10.0.40219.1
Project("{FAE04EC0-301F-11D3-BF4B-00C04F79EFBC}") = "ClientConsole", "ClientConsole\ClientConsole.csproj", "{BC2CDD99-CBF5-4D98-8572-D10F2C590EE1}"
EndProject
Global
	GlobalSection(SolutionConfigurationPlatforms) = preSolution
		Debug|Any CPU = Debug|Any CPU
		Release|Any CPU = Release|Any CPU
	EndGlobalSection
	GlobalSection(ProjectConfigurationPlatforms) = postSolution
		{BC2CDD99-CBF5-4D98-8572-D10F2C590EE1}.Debug|Any CPU.ActiveCfg = Debug|Any CPU
		{BC2CDD99-CBF5-4D98-8572-D10F2C590EE1}.Debug|Any CPU.Build.0 = Debug|Any CPU
		{BC2CDD99-CBF5-4D98-8572-D10F2C590EE1}.Release|Any CPU.ActiveCfg = Release|Any CPU
		{BC2CDD99-CBF5-4D98-8572-D10F2C590EE1}.Release|Any CPU.Build.0 = Release|Any CPU
	EndGlobalSection
	GlobalSection(SolutionProperties) = preSolution
		HideSolutionNode = FALSE
	EndGlobalSection
	GlobalSection(ExtensibilityGlobals) = postSolution
		SolutionGuid = {85B97F73-7B85-40FB-B531-2C6542A5618E}
	EndGlobalSection
EndGlobal
